
Microsoft Visual Studio Solution File, Format Version 12.00
# Visual Studio 15
Project("{FAE04EC0-301F-11D3-BF4B-00C04F79EFBC}") = "Assembly-CSharp", "Assembly-CSharp.csproj", "{FA79A5F3-72AE-61C5-1EC6-EE32A9927357}"
EndProject
Project("{FAE04EC0-301F-11D3-BF4B-00C04F79EFBC}") = "Assembly-CSharp-Editor", "Assembly-CSharp-Editor.csproj", "{C0BB6152-DB58-A03F-6C8B-1BA7A9E7B592}"
EndProject
Global
	GlobalSection(SolutionConfigurationPlatforms) = preSolution
		Debug|Any CPU = Debug|Any CPU
		Release|Any CPU = Release|Any CPU
	EndGlobalSection
	GlobalSection(ProjectConfigurationPlatforms) = postSolution
		{FA79A5F3-72AE-61C5-1EC6-EE32A9927357}.Debug|Any CPU.ActiveCfg = Debug|Any CPU
		{FA79A5F3-72AE-61C5-1EC6-EE32A9927357}.Debug|Any CPU.Build.0 = Debug|Any CPU
		{FA79A5F3-72AE-61C5-1EC6-EE32A9927357}.Release|Any CPU.ActiveCfg = Release|Any CPU
		{FA79A5F3-72AE-61C5-1EC6-EE32A9927357}.Release|Any CPU.Build.0 = Release|Any CPU
		{C0BB6152-DB58-A03F-6C8B-1BA7A9E7B592}.Debug|Any CPU.ActiveCfg = Debug|Any CPU
		{C0BB6152-DB58-A03F-6C8B-1BA7A9E7B592}.Debug|Any CPU.Build.0 = Debug|Any CPU
		{C0BB6152-DB58-A03F-6C8B-1BA7A9E7B592}.Release|Any CPU.ActiveCfg = Release|Any CPU
		{C0BB6152-DB58-A03F-6C8B-1BA7A9E7B592}.Release|Any CPU.Build.0 = Release|Any CPU
	EndGlobalSection
	GlobalSection(SolutionProperties) = preSolution
		HideSolutionNode = FALSE
	EndGlobalSection
EndGlobal
